
Microsoft Visual Studio Solution File, Format Version 12.00
# Visual Studio Version 16
VisualStudioVersion = 16.0.31729.503
MinimumVisualStudioVersion = 10.0.40219.1
Project("{8BC9CEB8-8B4A-11D0-8D11-00A0C91BC942}") = "astd", "astd.vcxproj", "{F261D3D5-EB3E-433F-BE21-D7F8A2D5BE9E}"
EndProject
Global
	GlobalSection(SolutionConfigurationPlatforms) = preSolution
		Debug|x64 = Debug|x64
		Debug|x86 = Debug|x86
		Release|x64 = Release|x64
		Release|x86 = Release|x86
	EndGlobalSection
	GlobalSection(ProjectConfigurationPlatforms) = postSolution
		{F261D3D5-EB3E-433F-BE21-D7F8A2D5BE9E}.Debug|x64.ActiveCfg = Debug|x64
		{F261D3D5-EB3E-433F-BE21-D7F8A2D5BE9E}.Debug|x64.Build.0 = Debug|x64
		{F261D3D5-EB3E-433F-BE21-D7F8A2D5BE9E}.Debug|x86.ActiveCfg = Debug|Win32
		{F261D3D5-EB3E-433F-BE21-D7F8A2D5BE9E}.Debug|x86.Build.0 = Debug|Win32
		{F261D3D5-EB3E-433F-BE21-D7F8A2D5BE9E}.Release|x64.ActiveCfg = Release|Win32
		{F261D3D5-EB3E-433F-BE21-D7F8A2D5BE9E}.Release|x64.Build.0 = Release|Win32
		{F261D3D5-EB3E-433F-BE21-D7F8A2D5BE9E}.Release|x86.ActiveCfg = Release|Win32
		{F261D3D5-EB3E-433F-BE21-D7F8A2D5BE9E}.Release|x86.Build.0 = Release|Win32
	EndGlobalSection
	GlobalSection(SolutionProperties) = preSolution
		HideSolutionNode = FALSE
	EndGlobalSection
	GlobalSection(ExtensibilityGlobals) = postSolution
		SolutionGuid = {0110A09E-F504-4199-971D-13D8749D234D}
	EndGlobalSection
EndGlobal
